{
  "pins" : [
    {
      "identity" : "kingfisher",
      "kind" : "remoteSourceControl",
      "location" : "https://github.com/onevcat/Kingfisher.git",
      "state" : {
        "revision" : "1a7b5480eb750a8e171654b9b1cb0a2cbeb27a55",
        "version" : "7.2.1"
      }
    },
    {
      "identity" : "pokeapi",
      "kind" : "remoteSourceControl",
      "location" : "https://github.com/paul-verkada/PokeAPI.git",
      "state" : {
        "branch" : "main",
        "revision" : "098ebf40997eb7f470615f2674506786905aa579"
      }
    }
  ],
  "version" : 2
}
